// !$*UTF8*$!
{
	archiveVersion = 1;
	classes = {
	};
	objectVersion = 55;
	objects = {

/* Begin PBXBuildFile section */
		F1F417F027DF0554006977C4 /* automatedApp.swift in Sources */ = {isa = PBXBuildFile; fileRef = F1F417EF27DF0554006977C4 /* automatedApp.swift */; };
		F1F417F227DF0554006977C4 /* ContentView.swift in Sources */ = {isa = PBXBuildFile; fileRef = F1F417F127DF0554006977C4 /* ContentView.swift */; };
		F1F417F427DF0559006977C4 /* Assets.xcassets in Resources */ = {isa = PBXBuildFile; fileRef = F1F417F327DF0559006977C4 /* Assets.xcassets */; };
		F1F417F727DF0559006977C4 /* Preview Assets.xcassets in Resources */ = {isa = PBXBuildFile; fileRef = F1F417F627DF0559006977C4 /* Preview Assets.xcassets */; };
		F1F4180127DF0559006977C4 /* automatedTests.swift in Sources */ = {isa = PBXBuildFile; fileRef = F1F4180027DF0559006977C4 /* automatedTests.swift */; };
		F1F4180B27DF0559006977C4 /* automatedUITests.swift in Sources */ = {isa = PBXBuildFile; fileRef = F1F4180A27DF0559006977C4 /* automatedUITests.swift */; };
		F1F4180D27DF055A006977C4 /* automatedUITestsLaunchTests.swift in Sources */ = {isa = PBXBuildFile; fileRef = F1F4180C27DF055A006977C4 /* automatedUITestsLaunchTests.swift */; };
/* End PBXBuildFile section */

/* Begin PBXContainerItemProxy section */
		F1F417FD27DF0559006977C4 /* PBXContainerItemProxy */ = {
			isa = PBXContainerItemProxy;
			containerPortal = F1F417E427DF0554006977C4 /* Project object */;
			proxyType = 1;
			remoteGlobalIDString = F1F417EB27DF0554006977C4;
			remoteInfo = automated;
		};
		F1F4180727DF0559006977C4 /* PBXContainerItemProxy */ = {
			isa = PBXContainerItemProxy;
			containerPortal = F1F417E427DF0554006977C4 /* Project object */;
			proxyType = 1;
			remoteGlobalIDString = F1F417EB27DF0554006977C4;
			remoteInfo = automated;
		};
/* End PBXContainerItemProxy section */

/* Begin PBXFileReference section */
		F1F417EC27DF0554006977C4 /* automated.app */ = {isa = PBXFileReference; explicitFileType = wrapper.application; includeInIndex = 0; path = automated.app; sourceTree = BUILT_PRODUCTS_DIR; };
		F1F417EF27DF0554006977C4 /* automatedApp.swift */ = {isa = PBXFileReference; lastKnownFileType = sourcecode.swift; path = automatedApp.swift; sourceTree = "<group>"; };
		F1F417F127DF0554006977C4 /* ContentView.swift */ = {isa = PBXFileReference; lastKnownFileType = sourcecode.swift; path = ContentView.swift; sourceTree = "<group>"; };
		F1F417F327DF0559006977C4 /* Assets.xcassets */ = {isa = PBXFileReference; lastKnownFileType = folder.assetcatalog; path = Assets.xcassets; sourceTree = "<group>"; };
		F1F417F627DF0559006977C4 /* Preview Assets.xcassets */ = {isa = PBXFileReference; lastKnownFileType = folder.assetcatalog; path = "Preview Assets.xcassets"; sourceTree = "<group>"; };
		F1F417FC27DF0559006977C4 /* automatedTests.xctest */ = {isa = PBXFileReference; explicitFileType = wrapper.cfbundle; includeInIndex = 0; path = automatedTests.xctest; sourceTree = BUILT_PRODUCTS_DIR; };
		F1F4180027DF0559006977C4 /* automatedTests.swift */ = {isa = PBXFileReference; lastKnownFileType = sourcecode.swift; path = automatedTests.swift; sourceTree = "<group>"; };
		F1F4180627DF0559006977C4 /* automatedUITests.xctest */ = {isa = PBXFileReference; explicitFileType = wrapper.cfbundle; includeInIndex = 0; path = automatedUITests.xctest; sourceTree = BUILT_PRODUCTS_DIR; };
		F1F4180A27DF0559006977C4 /* automatedUITests.swift */ = {isa = PBXFileReference; lastKnownFileType = sourcecode.swift; path = automatedUITests.swift; sourceTree = "<group>"; };
		F1F4180C27DF055A006977C4 /* automatedUITestsLaunchTests.swift */ = {isa = PBXFileReference; lastKnownFileType = sourcecode.swift; path = automatedUITestsLaunchTests.swift; sourceTree = "<group>"; };
/* End PBXFileReference section */

/* Begin PBXFrameworksBuildPhase section */
		F1F417E927DF0554006977C4 /* Frameworks */ = {
			isa = PBXFrameworksBuildPhase;
			buildActionMask = 2147483647;
			files = (
			);
			runOnlyForDeploymentPostprocessing = 0;
		};
		F1F417F927DF0559006977C4 /* Frameworks */ = {
			isa = PBXFrameworksBuildPhase;
			buildActionMask = 2147483647;
			files = (
			);
			runOnlyForDeploymentPostprocessing = 0;
		};
		F1F4180327DF0559006977C4 /* Frameworks */ = {
			isa = PBXFrameworksBuildPhase;
			buildActionMask = 2147483647;
			files = (
			);
			runOnlyForDeploymentPostprocessing = 0;
		};
/* End PBXFrameworksBuildPhase section */

/* Begin PBXGroup section */
		F1F417E327DF0554006977C4 = {
			isa = PBXGroup;
			children = (
				F1F417EE27DF0554006977C4 /* automated */,
				F1F417FF27DF0559006977C4 /* automatedTests */,
				F1F4180927DF0559006977C4 /* automatedUITests */,
				F1F417ED27DF0554006977C4 /* Products */,
			);
			sourceTree = "<group>";
		};
		F1F417ED27DF0554006977C4 /* Products */ = {
			isa = PBXGroup;
			children = (
				F1F417EC27DF0554006977C4 /* automated.app */,
				F1F417FC27DF0559006977C4 /* automatedTests.xctest */,
				F1F4180627DF0559006977C4 /* automatedUITests.xctest */,
			);
			name = Products;
			sourceTree = "<group>";
		};
		F1F417EE27DF0554006977C4 /* automated */ = {
			isa = PBXGroup;
			children = (
				F1F417EF27DF0554006977C4 /* automatedApp.swift */,
				F1F417F127DF0554006977C4 /* ContentView.swift */,
				F1F417F327DF0559006977C4 /* Assets.xcassets */,
				F1F417F527DF0559006977C4 /* Preview Content */,
			);
			path = automated;
			sourceTree = "<group>";
		};
		F1F417F527DF0559006977C4 /* Preview Content */ = {
			isa = PBXGroup;
			children = (
				F1F417F627DF0559006977C4 /* Preview Assets.xcassets */,
			);
			path = "Preview Content";
			sourceTree = "<group>";
		};
		F1F417FF27DF0559006977C4 /* automatedTests */ = {
			isa = PBXGroup;
			children = (
				F1F4180027DF0559006977C4 /* automatedTests.swift */,
			);
			path = automatedTests;
			sourceTree = "<group>";
		};
		F1F4180927DF0559006977C4 /* automatedUITests */ = {
			isa = PBXGroup;
			children = (
				F1F4180A27DF0559006977C4 /* automatedUITests.swift */,
				F1F4180C27DF055A006977C4 /* automatedUITestsLaunchTests.swift */,
			);
			path = automatedUITests;
			sourceTree = "<group>";
		};
/* End PBXGroup section */

/* Begin PBXNativeTarget section */
		F1F417EB27DF0554006977C4 /* automated */ = {
			isa = PBXNativeTarget;
			buildConfigurationList = F1F4181027DF055A006977C4 /* Build configuration list for PBXNativeTarget "automated" */;
			buildPhases = (
				F1F417E827DF0554006977C4 /* Sources */,
				F1F417E927DF0554006977C4 /* Frameworks */,
				F1F417EA27DF0554006977C4 /* Resources */,
			);
			buildRules = (
			);
			dependencies = (
			);
			name = automated;
			productName = automated;
			productReference = F1F417EC27DF0554006977C4 /* automated.app */;
			productType = "com.apple.product-type.application";
		};
		F1F417FB27DF0559006977C4 /* automatedTests */ = {
			isa = PBXNativeTarget;
			buildConfigurationList = F1F4181327DF055A006977C4 /* Build configuration list for PBXNativeTarget "automatedTests" */;
			buildPhases = (
				F1F417F827DF0559006977C4 /* Sources */,
				F1F417F927DF0559006977C4 /* Frameworks */,
				F1F417FA27DF0559006977C4 /* Resources */,
			);
			buildRules = (
			);
			dependencies = (
				F1F417FE27DF0559006977C4 /* PBXTargetDependency */,
			);
			name = automatedTests;
			productName = automatedTests;
			productReference = F1F417FC27DF0559006977C4 /* automatedTests.xctest */;
			productType = "com.apple.product-type.bundle.unit-test";
		};
		F1F4180527DF0559006977C4 /* automatedUITests */ = {
			isa = PBXNativeTarget;
			buildConfigurationList = F1F4181627DF055A006977C4 /* Build configuration list for PBXNativeTarget "automatedUITests" */;
			buildPhases = (
				F1F4180227DF0559006977C4 /* Sources */,
				F1F4180327DF0559006977C4 /* Frameworks */,
				F1F4180427DF0559006977C4 /* Resources */,
			);
			buildRules = (
			);
			dependencies = (
				F1F4180827DF0559006977C4 /* PBXTargetDependency */,
			);
			name = automatedUITests;
			productName = automatedUITests;
			productReference = F1F4180627DF0559006977C4 /* automatedUITests.xctest */;
			productType = "com.apple.product-type.bundle.ui-testing";
		};
/* End PBXNativeTarget section */

/* Begin PBXProject section */
		F1F417E427DF0554006977C4 /* Project object */ = {
			isa = PBXProject;
			attributes = {
				BuildIndependentTargetsInParallel = 1;
				LastSwiftUpdateCheck = 1310;
				LastUpgradeCheck = 1310;
				TargetAttributes = {
					F1F417EB27DF0554006977C4 = {
						CreatedOnToolsVersion = 13.1;
					};
					F1F417FB27DF0559006977C4 = {
						CreatedOnToolsVersion = 13.1;
						TestTargetID = F1F417EB27DF0554006977C4;
					};
					F1F4180527DF0559006977C4 = {
						CreatedOnToolsVersion = 13.1;
						TestTargetID = F1F417EB27DF0554006977C4;
					};
				};
			};
			buildConfigurationList = F1F417E727DF0554006977C4 /* Build configuration list for PBXProject "automated" */;
			compatibilityVersion = "Xcode 13.0";
			developmentRegion = en;
			hasScannedForEncodings = 0;
			knownRegions = (
				en,
				Base,
			);
			mainGroup = F1F417E327DF0554006977C4;
			productRefGroup = F1F417ED27DF0554006977C4 /* Products */;
			projectDirPath = "";
			projectRoot = "";
			targets = (
				F1F417EB27DF0554006977C4 /* automated */,
				F1F417FB27DF0559006977C4 /* automatedTests */,
				F1F4180527DF0559006977C4 /* automatedUITests */,
			);
		};
/* End PBXProject section */

/* Begin PBXResourcesBuildPhase section */
		F1F417EA27DF0554006977C4 /* Resources */ = {
			isa = PBXResourcesBuildPhase;
			buildActionMask = 2147483647;
			files = (
				F1F417F727DF0559006977C4 /* Preview Assets.xcassets in Resources */,
				F1F417F427DF0559006977C4 /* Assets.xcassets in Resources */,
			);
			runOnlyForDeploymentPostprocessing = 0;
		};
		F1F417FA27DF0559006977C4 /* Resources */ = {
			isa = PBXResourcesBuildPhase;
			buildActionMask = 2147483647;
			files = (
			);
			runOnlyForDeploymentPostprocessing = 0;
		};
		F1F4180427DF0559006977C4 /* Resources */ = {
			isa = PBXResourcesBuildPhase;
			buildActionMask = 2147483647;
			files = (
			);
			runOnlyForDeploymentPostprocessing = 0;
		};
/* End PBXResourcesBuildPhase section */

/* Begin PBXSourcesBuildPhase section */
		F1F417E827DF0554006977C4 /* Sources */ = {
			isa = PBXSourcesBuildPhase;
			buildActionMask = 2147483647;
			files = (
				F1F417F227DF0554006977C4 /* ContentView.swift in Sources */,
				F1F417F027DF0554006977C4 /* automatedApp.swift in Sources */,
			);
			runOnlyForDeploymentPostprocessing = 0;
		};
		F1F417F827DF0559006977C4 /* Sources */ = {
			isa = PBXSourcesBuildPhase;
			buildActionMask = 2147483647;
			files = (
				F1F4180127DF0559006977C4 /* automatedTests.swift in Sources */,
			);
			runOnlyForDeploymentPostprocessing = 0;
		};
		F1F4180227DF0559006977C4 /* Sources */ = {
			isa = PBXSourcesBuildPhase;
			buildActionMask = 2147483647;
			files = (
				F1F4180B27DF0559006977C4 /* automatedUITests.swift in Sources */,
				F1F4180D27DF055A006977C4 /* automatedUITestsLaunchTests.swift in Sources */,
			);
			runOnlyForDeploymentPostprocessing = 0;
		};
/* End PBXSourcesBuildPhase section */

/* Begin PBXTargetDependency section */
		F1F417FE27DF0559006977C4 /* PBXTargetDependency */ = {
			isa = PBXTargetDependency;
			target = F1F417EB27DF0554006977C4 /* automated */;
			targetProxy = F1F417FD27DF0559006977C4 /* PBXContainerItemProxy */;
		};
		F1F4180827DF0559006977C4 /* PBXTargetDependency */ = {
			isa = PBXTargetDependency;
			target = F1F417EB27DF0554006977C4 /* automated */;
			targetProxy = F1F4180727DF0559006977C4 /* PBXContainerItemProxy */;
		};
/* End PBXTargetDependency section */

/* Begin XCBuildConfiguration section */
		F1F4180E27DF055A006977C4 /* Debug */ = {
			isa = XCBuildConfiguration;
			buildSettings = {
				ALWAYS_SEARCH_USER_PATHS = NO;
				CLANG_ANALYZER_NONNULL = YES;
				CLANG_ANALYZER_NUMBER_OBJECT_CONVERSION = YES_AGGRESSIVE;
				CLANG_CXX_LANGUAGE_STANDARD = "gnu++17";
				CLANG_CXX_LIBRARY = "libc++";
				CLANG_ENABLE_MODULES = YES;
				CLANG_ENABLE_OBJC_ARC = YES;
				CLANG_ENABLE_OBJC_WEAK = YES;
				CLANG_WARN_BLOCK_CAPTURE_AUTORELEASING = YES;
				CLANG_WARN_BOOL_CONVERSION = YES;
				CLANG_WARN_COMMA = YES;
				CLANG_WARN_CONSTANT_CONVERSION = YES;
				CLANG_WARN_DEPRECATED_OBJC_IMPLEMENTATIONS = YES;
				CLANG_WARN_DIRECT_OBJC_ISA_USAGE = YES_ERROR;
				CLANG_WARN_DOCUMENTATION_COMMENTS = YES;
				CLANG_WARN_EMPTY_BODY = YES;
				CLANG_WARN_ENUM_CONVERSION = YES;
				CLANG_WARN_INFINITE_RECURSION = YES;
				CLANG_WARN_INT_CONVERSION = YES;
				CLANG_WARN_NON_LITERAL_NULL_CONVERSION = YES;
				CLANG_WARN_OBJC_IMPLICIT_RETAIN_SELF = YES;
				CLANG_WARN_OBJC_LITERAL_CONVERSION = YES;
				CLANG_WARN_OBJC_ROOT_CLASS = YES_ERROR;
				CLANG_WARN_QUOTED_INCLUDE_IN_FRAMEWORK_HEADER = YES;
				CLANG_WARN_RANGE_LOOP_ANALYSIS = YES;
				CLANG_WARN_STRICT_PROTOTYPES = YES;
				CLANG_WARN_SUSPICIOUS_MOVE = YES;
				CLANG_WARN_UNGUARDED_AVAILABILITY = YES_AGGRESSIVE;
				CLANG_WARN_UNREACHABLE_CODE = YES;
				CLANG_WARN__DUPLICATE_METHOD_MATCH = YES;
				COPY_PHASE_STRIP = NO;
				DEBUG_INFORMATION_FORMAT = dwarf;
				ENABLE_STRICT_OBJC_MSGSEND = YES;
				ENABLE_TESTABILITY = YES;
				GCC_C_LANGUAGE_STANDARD = gnu11;
				GCC_DYNAMIC_NO_PIC = NO;
				GCC_NO_COMMON_BLOCKS = YES;
				GCC_OPTIMIZATION_LEVEL = 0;
				GCC_PREPROCESSOR_DEFINITIONS = (
					"DEBUG=1",
					"$(inherited)",
				);
				GCC_WARN_64_TO_32_BIT_CONVERSION = YES;
				GCC_WARN_ABOUT_RETURN_TYPE = YES_ERROR;
				GCC_WARN_UNDECLARED_SELECTOR = YES;
				GCC_WARN_UNINITIALIZED_AUTOS = YES_AGGRESSIVE;
				GCC_WARN_UNUSED_FUNCTION = YES;
				GCC_WARN_UNUSED_VARIABLE = YES;
				IPHONEOS_DEPLOYMENT_TARGET = 15.0;
				MTL_ENABLE_DEBUG_INFO = INCLUDE_SOURCE;
				MTL_FAST_MATH = YES;
				ONLY_ACTIVE_ARCH = YES;
				SDKROOT = iphoneos;
				SWIFT_ACTIVE_COMPILATION_CONDITIONS = DEBUG;
				SWIFT_OPTIMIZATION_LEVEL = "-Onone";
			};
			name = Debug;
		};
		F1F4180F27DF055A006977C4 /* Release */ = {
			isa = XCBuildConfiguration;
			buildSettings = {
				ALWAYS_SEARCH_USER_PATHS = NO;
				CLANG_ANALYZER_NONNULL = YES;
				CLANG_ANALYZER_NUMBER_OBJECT_CONVERSION = YES_AGGRESSIVE;
				CLANG_CXX_LANGUAGE_STANDARD = "gnu++17";
				CLANG_CXX_LIBRARY = "libc++";
				CLANG_ENABLE_MODULES = YES;
				CLANG_ENABLE_OBJC_ARC = YES;
				CLANG_ENABLE_OBJC_WEAK = YES;
				CLANG_WARN_BLOCK_CAPTURE_AUTORELEASING = YES;
				CLANG_WARN_BOOL_CONVERSION = YES;
				CLANG_WARN_COMMA = YES;
				CLANG_WARN_CONSTANT_CONVERSION = YES;
				CLANG_WARN_DEPRECATED_OBJC_IMPLEMENTATIONS = YES;
				CLANG_WARN_DIRECT_OBJC_ISA_USAGE = YES_ERROR;
				CLANG_WARN_DOCUMENTATION_COMMENTS = YES;
				CLANG_WARN_EMPTY_BODY = YES;
				CLANG_WARN_ENUM_CONVERSION = YES;
				CLANG_WARN_INFINITE_RECURSION = YES;
				CLANG_WARN_INT_CONVERSION = YES;
				CLANG_WARN_NON_LITERAL_NULL_CONVERSION = YES;
				CLANG_WARN_OBJC_IMPLICIT_RETAIN_SELF = YES;
				CLANG_WARN_OBJC_LITERAL_CONVERSION = YES;
				CLANG_WARN_OBJC_ROOT_CLASS = YES_ERROR;
				CLANG_WARN_QUOTED_INCLUDE_IN_FRAMEWORK_HEADER = YES;
				CLANG_WARN_RANGE_LOOP_ANALYSIS = YES;
				CLANG_WARN_STRICT_PROTOTYPES = YES;
				CLANG_WARN_SUSPICIOUS_MOVE = YES;
				CLANG_WARN_UNGUARDED_AVAILABILITY = YES_AGGRESSIVE;
				CLANG_WARN_UNREACHABLE_CODE = YES;
				CLANG_WARN__DUPLICATE_METHOD_MATCH = YES;
				COPY_PHASE_STRIP = NO;
				DEBUG_INFORMATION_FORMAT = "dwarf-with-dsym";
				ENABLE_NS_ASSERTIONS = NO;
				ENABLE_STRICT_OBJC_MSGSEND = YES;
				GCC_C_LANGUAGE_STANDARD = gnu11;
				GCC_NO_COMMON_BLOCKS = YES;
				GCC_WARN_64_TO_32_BIT_CONVERSION = YES;
				GCC_WARN_ABOUT_RETURN_TYPE = YES_ERROR;
				GCC_WARN_UNDECLARED_SELECTOR = YES;
				GCC_WARN_UNINITIALIZED_AUTOS = YES_AGGRESSIVE;
				GCC_WARN_UNUSED_FUNCTION = YES;
				GCC_WARN_UNUSED_VARIABLE = YES;
				IPHONEOS_DEPLOYMENT_TARGET = 15.0;
				MTL_ENABLE_DEBUG_INFO = NO;
				MTL_FAST_MATH = YES;
				SDKROOT = iphoneos;
				SWIFT_COMPILATION_MODE = wholemodule;
				SWIFT_OPTIMIZATION_LEVEL = "-O";
				VALIDATE_PRODUCT = YES;
			};
			name = Release;
		};
		F1F4181127DF055A006977C4 /* Debug */ = {
			isa = XCBuildConfiguration;
			buildSettings = {
				ASSETCATALOG_COMPILER_APPICON_NAME = AppIcon;
				ASSETCATALOG_COMPILER_GLOBAL_ACCENT_COLOR_NAME = AccentColor;
				CODE_SIGN_STYLE = Automatic;
				CURRENT_PROJECT_VERSION = 1;
				DEVELOPMENT_ASSET_PATHS = "\"automated/Preview Content\"";
				DEVELOPMENT_TEAM = J2AS8B8DGM;
				ENABLE_PREVIEWS = YES;
				GENERATE_INFOPLIST_FILE = YES;
				INFOPLIST_KEY_UIApplicationSceneManifest_Generation = YES;
				INFOPLIST_KEY_UIApplicationSupportsIndirectInputEvents = YES;
				INFOPLIST_KEY_UILaunchScreen_Generation = YES;
				INFOPLIST_KEY_UISupportedInterfaceOrientations_iPad = "UIInterfaceOrientationPortrait UIInterfaceOrientationPortraitUpsideDown UIInterfaceOrientationLandscapeLeft UIInterfaceOrientationLandscapeRight";
				INFOPLIST_KEY_UISupportedInterfaceOrientations_iPhone = "UIInterfaceOrientationPortrait UIInterfaceOrientationLandscapeLeft UIInterfaceOrientationLandscapeRight";
				LD_RUNPATH_SEARCH_PATHS = (
					"$(inherited)",
					"@executable_path/Frameworks",
				);
				MARKETING_VERSION = 1.0;
				PRODUCT_BUNDLE_IDENTIFIER = bekdaulet.kassymov.automated;
				PRODUCT_NAME = "$(TARGET_NAME)";
				SWIFT_EMIT_LOC_STRINGS = YES;
				SWIFT_VERSION = 5.0;
				TARGETED_DEVICE_FAMILY = "1,2";
			};
			name = Debug;
		};
		F1F4181227DF055A006977C4 /* Release */ = {
			isa = XCBuildConfiguration;
			buildSettings = {
				ASSETCATALOG_COMPILER_APPICON_NAME = AppIcon;
				ASSETCATALOG_COMPILER_GLOBAL_ACCENT_COLOR_NAME = AccentColor;
				CODE_SIGN_STYLE = Automatic;
				CURRENT_PROJECT_VERSION = 1;
				DEVELOPMENT_ASSET_PATHS = "\"automated/Preview Content\"";
				DEVELOPMENT_TEAM = J2AS8B8DGM;
				ENABLE_PREVIEWS = YES;
				GENERATE_INFOPLIST_FILE = YES;
				INFOPLIST_KEY_UIApplicationSceneManifest_Generation = YES;
				INFOPLIST_KEY_UIApplicationSupportsIndirectInputEvents = YES;
				INFOPLIST_KEY_UILaunchScreen_Generation = YES;
				INFOPLIST_KEY_UISupportedInterfaceOrientations_iPad = "UIInterfaceOrientationPortrait UIInterfaceOrientationPortraitUpsideDown UIInterfaceOrientationLandscapeLeft UIInterfaceOrientationLandscapeRight";
				INFOPLIST_KEY_UISupportedInterfaceOrientations_iPhone = "UIInterfaceOrientationPortrait UIInterfaceOrientationLandscapeLeft UIInterfaceOrientationLandscapeRight";
				LD_RUNPATH_SEARCH_PATHS = (
					"$(inherited)",
					"@executable_path/Frameworks",
				);
				MARKETING_VERSION = 1.0;
				PRODUCT_BUNDLE_IDENTIFIER = bekdaulet.kassymov.automated;
				PRODUCT_NAME = "$(TARGET_NAME)";
				SWIFT_EMIT_LOC_STRINGS = YES;
				SWIFT_VERSION = 5.0;
				TARGETED_DEVICE_FAMILY = "1,2";
			};
			name = Release;
		};
		F1F4181427DF055A006977C4 /* Debug */ = {
			isa = XCBuildConfiguration;
			buildSettings = {
				ALWAYS_EMBED_SWIFT_STANDARD_LIBRARIES = YES;
				BUNDLE_LOADER = "$(TEST_HOST)";
				CODE_SIGN_STYLE = Automatic;
				CURRENT_PROJECT_VERSION = 1;
				DEVELOPMENT_TEAM = J2AS8B8DGM;
				GENERATE_INFOPLIST_FILE = YES;
				IPHONEOS_DEPLOYMENT_TARGET = 15.0;
				LD_RUNPATH_SEARCH_PATHS = (
					"$(inherited)",
					"@executable_path/Frameworks",
					"@loader_path/Frameworks",
				);
				MARKETING_VERSION = 1.0;
				PRODUCT_BUNDLE_IDENTIFIER = bekdaulet.kassymov.automatedTests;
				PRODUCT_NAME = "$(TARGET_NAME)";
				SWIFT_EMIT_LOC_STRINGS = NO;
				SWIFT_VERSION = 5.0;
				TARGETED_DEVICE_FAMILY = "1,2";
				TEST_HOST = "$(BUILT_PRODUCTS_DIR)/automated.app/automated";
			};
			name = Debug;
		};
		F1F4181527DF055A006977C4 /* Release */ = {
			isa = XCBuildConfiguration;
			buildSettings = {
				ALWAYS_EMBED_SWIFT_STANDARD_LIBRARIES = YES;
				BUNDLE_LOADER = "$(TEST_HOST)";
				CODE_SIGN_STYLE = Automatic;
				CURRENT_PROJECT_VERSION = 1;
				DEVELOPMENT_TEAM = J2AS8B8DGM;
				GENERATE_INFOPLIST_FILE = YES;
				IPHONEOS_DEPLOYMENT_TARGET = 15.0;
				LD_RUNPATH_SEARCH_PATHS = (
					"$(inherited)",
					"@executable_path/Frameworks",
					"@loader_path/Frameworks",
				);
				MARKETING_VERSION = 1.0;
				PRODUCT_BUNDLE_IDENTIFIER = bekdaulet.kassymov.automatedTests;
				PRODUCT_NAME = "$(TARGET_NAME)";
				SWIFT_EMIT_LOC_STRINGS = NO;
				SWIFT_VERSION = 5.0;
				TARGETED_DEVICE_FAMILY = "1,2";
				TEST_HOST = "$(BUILT_PRODUCTS_DIR)/automated.app/automated";
			};
			name = Release;
		};
		F1F4181727DF055A006977C4 /* Debug */ = {
			isa = XCBuildConfiguration;
			buildSettings = {
				ALWAYS_EMBED_SWIFT_STANDARD_LIBRARIES = YES;
				CODE_SIGN_STYLE = Automatic;
				CURRENT_PROJECT_VERSION = 1;
				DEVELOPMENT_TEAM = J2AS8B8DGM;
				GENERATE_INFOPLIST_FILE = YES;
				LD_RUNPATH_SEARCH_PATHS = (
					"$(inherited)",
					"@executable_path/Frameworks",
					"@loader_path/Frameworks",
				);
				MARKETING_VERSION = 1.0;
				PRODUCT_BUNDLE_IDENTIFIER = bekdaulet.kassymov.automatedUITests;
				PRODUCT_NAME = "$(TARGET_NAME)";
				SWIFT_EMIT_LOC_STRINGS = NO;
				SWIFT_VERSION = 5.0;
				TARGETED_DEVICE_FAMILY = "1,2";
				TEST_TARGET_NAME = automated;
			};
			name = Debug;
		};
		F1F4181827DF055A006977C4 /* Release */ = {
			isa = XCBuildConfiguration;
			buildSettings = {
				ALWAYS_EMBED_SWIFT_STANDARD_LIBRARIES = YES;
				CODE_SIGN_STYLE = Automatic;
				CURRENT_PROJECT_VERSION = 1;
				DEVELOPMENT_TEAM = J2AS8B8DGM;
				GENERATE_INFOPLIST_FILE = YES;
				LD_RUNPATH_SEARCH_PATHS = (
					"$(inherited)",
					"@executable_path/Frameworks",
					"@loader_path/Frameworks",
				);
				MARKETING_VERSION = 1.0;
				PRODUCT_BUNDLE_IDENTIFIER = bekdaulet.kassymov.automatedUITests;
				PRODUCT_NAME = "$(TARGET_NAME)";
				SWIFT_EMIT_LOC_STRINGS = NO;
				SWIFT_VERSION = 5.0;
				TARGETED_DEVICE_FAMILY = "1,2";
				TEST_TARGET_NAME = automated;
			};
			name = Release;
		};
/* End XCBuildConfiguration section */

/* Begin XCConfigurationList section */
		F1F417E727DF0554006977C4 /* Build configuration list for PBXProject "automated" */ = {
			isa = XCConfigurationList;
			buildConfigurations = (
				F1F4180E27DF055A006977C4 /* Debug */,
				F1F4180F27DF055A006977C4 /* Release */,
			);
			defaultConfigurationIsVisible = 0;
			defaultConfigurationName = Release;
		};
		F1F4181027DF055A006977C4 /* Build configuration list for PBXNativeTarget "automated" */ = {
			isa = XCConfigurationList;
			buildConfigurations = (
				F1F4181127DF055A006977C4 /* Debug */,
				F1F4181227DF055A006977C4 /* Release */,
			);
			defaultConfigurationIsVisible = 0;
			defaultConfigurationName = Release;
		};
		F1F4181327DF055A006977C4 /* Build configuration list for PBXNativeTarget "automatedTests" */ = {
			isa = XCConfigurationList;
			buildConfigurations = (
				F1F4181427DF055A006977C4 /* Debug */,
				F1F4181527DF055A006977C4 /* Release */,
			);
			defaultConfigurationIsVisible = 0;
			defaultConfigurationName = Release;
		};
		F1F4181627DF055A006977C4 /* Build configuration list for PBXNativeTarget "automatedUITests" */ = {
			isa = XCConfigurationList;
			buildConfigurations = (
				F1F4181727DF055A006977C4 /* Debug */,
				F1F4181827DF055A006977C4 /* Release */,
			);
			defaultConfigurationIsVisible = 0;
			defaultConfigurationName = Release;
		};
/* End XCConfigurationList section */
	};
	rootObject = F1F417E427DF0554006977C4 /* Project object */;
}
